
Microsoft Visual Studio Solution File, Format Version 12.00
# Visual Studio 14
VisualStudioVersion = 14.0.25420.1
MinimumVisualStudioVersion = 10.0.40219.1
Project("{FAE04EC0-301F-11D3-BF4B-00C04F79EFBC}") = "Connect", "Connect\Connect.csproj", "{EAB5256E-32ED-4441-98D2-26877924097D}"
EndProject
Project("{FAE04EC0-301F-11D3-BF4B-00C04F79EFBC}") = "Connect.Tests", "Connect.Tests\Connect.Tests.csproj", "{80E8AEA3-10AE-43F5-B148-AFEBA15967B4}"
EndProject
Project("{FAE04EC0-301F-11D3-BF4B-00C04F79EFBC}") = "Utils", "Utils\Utils.csproj", "{53641283-CF14-4DD3-B978-D259C630FA6A}"
EndProject
Project("{2150E333-8FDC-42A3-9474-1A3956D46DE8}") = "Models", "Models", "{6BB89A61-2F2D-4679-8192-7EE57AEAFEBE}"
EndProject
Project("{FAE04EC0-301F-11D3-BF4B-00C04F79EFBC}") = "Models", "Models\Models.csproj", "{BA989AE2-AA7E-4AD5-AB89-949D012834F2}"
EndProject
Project("{FAE04EC0-301F-11D3-BF4B-00C04F79EFBC}") = "ApplicationServices", "ApplicationServices\ApplicationServices.csproj", "{010C6F1C-83DD-492A-AEDD-0B45A99D2D38}"
EndProject
Project("{2150E333-8FDC-42A3-9474-1A3956D46DE8}") = "DataAccessLayer", "DataAccessLayer", "{A0F663F4-177D-4CA1-BC94-1D610B788C51}"
EndProject
Project("{FAE04EC0-301F-11D3-BF4B-00C04F79EFBC}") = "Data", "Data\Data.csproj", "{8CEEFE4B-D003-49EF-A929-A6FA668756E6}"
EndProject
Project("{FAE04EC0-301F-11D3-BF4B-00C04F79EFBC}") = "DTOs", "DTOs\DTOs.csproj", "{D357286C-5A3D-4B10-8E75-70202A1E334E}"
EndProject
Project("{FAE04EC0-301F-11D3-BF4B-00C04F79EFBC}") = "Executors", "Executors\Executors.csproj", "{58C99129-BF6B-4CD7-BBD1-A9D7564079BB}"
EndProject
Global
	GlobalSection(SolutionConfigurationPlatforms) = preSolution
		Debug|Any CPU = Debug|Any CPU
		Release|Any CPU = Release|Any CPU
	EndGlobalSection
	GlobalSection(ProjectConfigurationPlatforms) = postSolution
		{EAB5256E-32ED-4441-98D2-26877924097D}.Debug|Any CPU.ActiveCfg = Debug|Any CPU
		{EAB5256E-32ED-4441-98D2-26877924097D}.Debug|Any CPU.Build.0 = Debug|Any CPU
		{EAB5256E-32ED-4441-98D2-26877924097D}.Release|Any CPU.ActiveCfg = Release|Any CPU
		{EAB5256E-32ED-4441-98D2-26877924097D}.Release|Any CPU.Build.0 = Release|Any CPU
		{80E8AEA3-10AE-43F5-B148-AFEBA15967B4}.Debug|Any CPU.ActiveCfg = Debug|Any CPU
		{80E8AEA3-10AE-43F5-B148-AFEBA15967B4}.Debug|Any CPU.Build.0 = Debug|Any CPU
		{80E8AEA3-10AE-43F5-B148-AFEBA15967B4}.Release|Any CPU.ActiveCfg = Release|Any CPU
		{80E8AEA3-10AE-43F5-B148-AFEBA15967B4}.Release|Any CPU.Build.0 = Release|Any CPU
		{53641283-CF14-4DD3-B978-D259C630FA6A}.Debug|Any CPU.ActiveCfg = Debug|Any CPU
		{53641283-CF14-4DD3-B978-D259C630FA6A}.Debug|Any CPU.Build.0 = Debug|Any CPU
		{53641283-CF14-4DD3-B978-D259C630FA6A}.Release|Any CPU.ActiveCfg = Release|Any CPU
		{53641283-CF14-4DD3-B978-D259C630FA6A}.Release|Any CPU.Build.0 = Release|Any CPU
		{BA989AE2-AA7E-4AD5-AB89-949D012834F2}.Debug|Any CPU.ActiveCfg = Debug|Any CPU
		{BA989AE2-AA7E-4AD5-AB89-949D012834F2}.Debug|Any CPU.Build.0 = Debug|Any CPU
		{BA989AE2-AA7E-4AD5-AB89-949D012834F2}.Release|Any CPU.ActiveCfg = Release|Any CPU
		{BA989AE2-AA7E-4AD5-AB89-949D012834F2}.Release|Any CPU.Build.0 = Release|Any CPU
		{010C6F1C-83DD-492A-AEDD-0B45A99D2D38}.Debug|Any CPU.ActiveCfg = Debug|Any CPU
		{010C6F1C-83DD-492A-AEDD-0B45A99D2D38}.Debug|Any CPU.Build.0 = Debug|Any CPU
		{010C6F1C-83DD-492A-AEDD-0B45A99D2D38}.Release|Any CPU.ActiveCfg = Release|Any CPU
		{010C6F1C-83DD-492A-AEDD-0B45A99D2D38}.Release|Any CPU.Build.0 = Release|Any CPU
		{8CEEFE4B-D003-49EF-A929-A6FA668756E6}.Debug|Any CPU.ActiveCfg = Debug|Any CPU
		{8CEEFE4B-D003-49EF-A929-A6FA668756E6}.Debug|Any CPU.Build.0 = Debug|Any CPU
		{8CEEFE4B-D003-49EF-A929-A6FA668756E6}.Release|Any CPU.ActiveCfg = Release|Any CPU
		{8CEEFE4B-D003-49EF-A929-A6FA668756E6}.Release|Any CPU.Build.0 = Release|Any CPU
		{D357286C-5A3D-4B10-8E75-70202A1E334E}.Debug|Any CPU.ActiveCfg = Debug|Any CPU
		{D357286C-5A3D-4B10-8E75-70202A1E334E}.Debug|Any CPU.Build.0 = Debug|Any CPU
		{D357286C-5A3D-4B10-8E75-70202A1E334E}.Release|Any CPU.ActiveCfg = Release|Any CPU
		{D357286C-5A3D-4B10-8E75-70202A1E334E}.Release|Any CPU.Build.0 = Release|Any CPU
		{58C99129-BF6B-4CD7-BBD1-A9D7564079BB}.Debug|Any CPU.ActiveCfg = Debug|Any CPU
		{58C99129-BF6B-4CD7-BBD1-A9D7564079BB}.Debug|Any CPU.Build.0 = Debug|Any CPU
		{58C99129-BF6B-4CD7-BBD1-A9D7564079BB}.Release|Any CPU.ActiveCfg = Release|Any CPU
		{58C99129-BF6B-4CD7-BBD1-A9D7564079BB}.Release|Any CPU.Build.0 = Release|Any CPU
	EndGlobalSection
	GlobalSection(SolutionProperties) = preSolution
		HideSolutionNode = FALSE
	EndGlobalSection
	GlobalSection(NestedProjects) = preSolution
		{BA989AE2-AA7E-4AD5-AB89-949D012834F2} = {6BB89A61-2F2D-4679-8192-7EE57AEAFEBE}
		{8CEEFE4B-D003-49EF-A929-A6FA668756E6} = {A0F663F4-177D-4CA1-BC94-1D610B788C51}
		{D357286C-5A3D-4B10-8E75-70202A1E334E} = {A0F663F4-177D-4CA1-BC94-1D610B788C51}
	EndGlobalSection
EndGlobal
